// !$*UTF8*$!
{
	archiveVersion = 1;
	classes = {
	};
	objectVersion = 50;
	objects = {

/* Begin PBXBuildFile section */
		96E685E223B665D30043D3F7 /* AppDelegate.swift in Sources */ = {isa = PBXBuildFile; fileRef = 96E685E123B665D30043D3F7 /* AppDelegate.swift */; };
		96E685E423B665D30043D3F7 /* SceneDelegate.swift in Sources */ = {isa = PBXBuildFile; fileRef = 96E685E323B665D30043D3F7 /* SceneDelegate.swift */; };
		96E685E623B665D30043D3F7 /* ViewController.swift in Sources */ = {isa = PBXBuildFile; fileRef = 96E685E523B665D30043D3F7 /* ViewController.swift */; };
		96E685E923B665D30043D3F7 /* Main.storyboard in Resources */ = {isa = PBXBuildFile; fileRef = 96E685E723B665D30043D3F7 /* Main.storyboard */; };
		96E685EB23B665D50043D3F7 /* Assets.xcassets in Resources */ = {isa = PBXBuildFile; fileRef = 96E685EA23B665D50043D3F7 /* Assets.xcassets */; };
		96E685EE23B665D50043D3F7 /* LaunchScreen.storyboard in Resources */ = {isa = PBXBuildFile; fileRef = 96E685EC23B665D50043D3F7 /* LaunchScreen.storyboard */; };
		96E685F923B665D60043D3F7 /* ArrayItemSelectionTests.swift in Sources */ = {isa = PBXBuildFile; fileRef = 96E685F823B665D60043D3F7 /* ArrayItemSelectionTests.swift */; };
		96E6860423B665D60043D3F7 /* ArrayItemSelectionUITests.swift in Sources */ = {isa = PBXBuildFile; fileRef = 96E6860323B665D60043D3F7 /* ArrayItemSelectionUITests.swift */; };
/* End PBXBuildFile section */

/* Begin PBXContainerItemProxy section */
		96E685F523B665D60043D3F7 /* PBXContainerItemProxy */ = {
			isa = PBXContainerItemProxy;
			containerPortal = 96E685D623B665D30043D3F7 /* Project object */;
			proxyType = 1;
			remoteGlobalIDString = 96E685DD23B665D30043D3F7;
			remoteInfo = ArrayItemSelection;
		};
		96E6860023B665D60043D3F7 /* PBXContainerItemProxy */ = {
			isa = PBXContainerItemProxy;
			containerPortal = 96E685D623B665D30043D3F7 /* Project object */;
			proxyType = 1;
			remoteGlobalIDString = 96E685DD23B665D30043D3F7;
			remoteInfo = ArrayItemSelection;
		};
/* End PBXContainerItemProxy section */

/* Begin PBXFileReference section */
		96E685DE23B665D30043D3F7 /* ArrayItemSelection.app */ = {isa = PBXFileReference; explicitFileType = wrapper.application; includeInIndex = 0; path = ArrayItemSelection.app; sourceTree = BUILT_PRODUCTS_DIR; };
		96E685E123B665D30043D3F7 /* AppDelegate.swift */ = {isa = PBXFileReference; lastKnownFileType = sourcecode.swift; path = AppDelegate.swift; sourceTree = "<group>"; };
		96E685E323B665D30043D3F7 /* SceneDelegate.swift */ = {isa = PBXFileReference; lastKnownFileType = sourcecode.swift; path = SceneDelegate.swift; sourceTree = "<group>"; };
		96E685E523B665D30043D3F7 /* ViewController.swift */ = {isa = PBXFileReference; lastKnownFileType = sourcecode.swift; path = ViewController.swift; sourceTree = "<group>"; };
		96E685E823B665D30043D3F7 /* Base */ = {isa = PBXFileReference; lastKnownFileType = file.storyboard; name = Base; path = Base.lproj/Main.storyboard; sourceTree = "<group>"; };
		96E685EA23B665D50043D3F7 /* Assets.xcassets */ = {isa = PBXFileReference; lastKnownFileType = folder.assetcatalog; path = Assets.xcassets; sourceTree = "<group>"; };
		96E685ED23B665D50043D3F7 /* Base */ = {isa = PBXFileReference; lastKnownFileType = file.storyboard; name = Base; path = Base.lproj/LaunchScreen.storyboard; sourceTree = "<group>"; };
		96E685EF23B665D50043D3F7 /* Info.plist */ = {isa = PBXFileReference; lastKnownFileType = text.plist.xml; path = Info.plist; sourceTree = "<group>"; };
		96E685F423B665D60043D3F7 /* ArrayItemSelectionTests.xctest */ = {isa = PBXFileReference; explicitFileType = wrapper.cfbundle; includeInIndex = 0; path = ArrayItemSelectionTests.xctest; sourceTree = BUILT_PRODUCTS_DIR; };
		96E685F823B665D60043D3F7 /* ArrayItemSelectionTests.swift */ = {isa = PBXFileReference; lastKnownFileType = sourcecode.swift; path = ArrayItemSelectionTests.swift; sourceTree = "<group>"; };
		96E685FA23B665D60043D3F7 /* Info.plist */ = {isa = PBXFileReference; lastKnownFileType = text.plist.xml; path = Info.plist; sourceTree = "<group>"; };
		96E685FF23B665D60043D3F7 /* ArrayItemSelectionUITests.xctest */ = {isa = PBXFileReference; explicitFileType = wrapper.cfbundle; includeInIndex = 0; path = ArrayItemSelectionUITests.xctest; sourceTree = BUILT_PRODUCTS_DIR; };
		96E6860323B665D60043D3F7 /* ArrayItemSelectionUITests.swift */ = {isa = PBXFileReference; lastKnownFileType = sourcecode.swift; path = ArrayItemSelectionUITests.swift; sourceTree = "<group>"; };
		96E6860523B665D60043D3F7 /* Info.plist */ = {isa = PBXFileReference; lastKnownFileType = text.plist.xml; path = Info.plist; sourceTree = "<group>"; };
/* End PBXFileReference section */

/* Begin PBXFrameworksBuildPhase section */
		96E685DB23B665D30043D3F7 /* Frameworks */ = {
			isa = PBXFrameworksBuildPhase;
			buildActionMask = 2147483647;
			files = (
			);
			runOnlyForDeploymentPostprocessing = 0;
		};
		96E685F123B665D60043D3F7 /* Frameworks */ = {
			isa = PBXFrameworksBuildPhase;
			buildActionMask = 2147483647;
			files = (
			);
			runOnlyForDeploymentPostprocessing = 0;
		};
		96E685FC23B665D60043D3F7 /* Frameworks */ = {
			isa = PBXFrameworksBuildPhase;
			buildActionMask = 2147483647;
			files = (
			);
			runOnlyForDeploymentPostprocessing = 0;
		};
/* End PBXFrameworksBuildPhase section */

/* Begin PBXGroup section */
		96E685D523B665D30043D3F7 = {
			isa = PBXGroup;
			children = (
				96E685E023B665D30043D3F7 /* ArrayItemSelection */,
				96E685F723B665D60043D3F7 /* ArrayItemSelectionTests */,
				96E6860223B665D60043D3F7 /* ArrayItemSelectionUITests */,
				96E685DF23B665D30043D3F7 /* Products */,
			);
			sourceTree = "<group>";
		};
		96E685DF23B665D30043D3F7 /* Products */ = {
			isa = PBXGroup;
			children = (
				96E685DE23B665D30043D3F7 /* ArrayItemSelection.app */,
				96E685F423B665D60043D3F7 /* ArrayItemSelectionTests.xctest */,
				96E685FF23B665D60043D3F7 /* ArrayItemSelectionUITests.xctest */,
			);
			name = Products;
			sourceTree = "<group>";
		};
		96E685E023B665D30043D3F7 /* ArrayItemSelection */ = {
			isa = PBXGroup;
			children = (
				96E685E123B665D30043D3F7 /* AppDelegate.swift */,
				96E685E323B665D30043D3F7 /* SceneDelegate.swift */,
				96E685E523B665D30043D3F7 /* ViewController.swift */,
				96E685E723B665D30043D3F7 /* Main.storyboard */,
				96E685EA23B665D50043D3F7 /* Assets.xcassets */,
				96E685EC23B665D50043D3F7 /* LaunchScreen.storyboard */,
				96E685EF23B665D50043D3F7 /* Info.plist */,
			);
			path = ArrayItemSelection;
			sourceTree = "<group>";
		};
		96E685F723B665D60043D3F7 /* ArrayItemSelectionTests */ = {
			isa = PBXGroup;
			children = (
				96E685F823B665D60043D3F7 /* ArrayItemSelectionTests.swift */,
				96E685FA23B665D60043D3F7 /* Info.plist */,
			);
			path = ArrayItemSelectionTests;
			sourceTree = "<group>";
		};
		96E6860223B665D60043D3F7 /* ArrayItemSelectionUITests */ = {
			isa = PBXGroup;
			children = (
				96E6860323B665D60043D3F7 /* ArrayItemSelectionUITests.swift */,
				96E6860523B665D60043D3F7 /* Info.plist */,
			);
			path = ArrayItemSelectionUITests;
			sourceTree = "<group>";
		};
/* End PBXGroup section */

/* Begin PBXNativeTarget section */
		96E685DD23B665D30043D3F7 /* ArrayItemSelection */ = {
			isa = PBXNativeTarget;
			buildConfigurationList = 96E6860823B665D60043D3F7 /* Build configuration list for PBXNativeTarget "ArrayItemSelection" */;
			buildPhases = (
				96E685DA23B665D30043D3F7 /* Sources */,
				96E685DB23B665D30043D3F7 /* Frameworks */,
				96E685DC23B665D30043D3F7 /* Resources */,
			);
			buildRules = (
			);
			dependencies = (
			);
			name = ArrayItemSelection;
			productName = ArrayItemSelection;
			productReference = 96E685DE23B665D30043D3F7 /* ArrayItemSelection.app */;
			productType = "com.apple.product-type.application";
		};
		96E685F323B665D60043D3F7 /* ArrayItemSelectionTests */ = {
			isa = PBXNativeTarget;
			buildConfigurationList = 96E6860B23B665D60043D3F7 /* Build configuration list for PBXNativeTarget "ArrayItemSelectionTests" */;
			buildPhases = (
				96E685F023B665D60043D3F7 /* Sources */,
				96E685F123B665D60043D3F7 /* Frameworks */,
				96E685F223B665D60043D3F7 /* Resources */,
			);
			buildRules = (
			);
			dependencies = (
				96E685F623B665D60043D3F7 /* PBXTargetDependency */,
			);
			name = ArrayItemSelectionTests;
			productName = ArrayItemSelectionTests;
			productReference = 96E685F423B665D60043D3F7 /* ArrayItemSelectionTests.xctest */;
			productType = "com.apple.product-type.bundle.unit-test";
		};
		96E685FE23B665D60043D3F7 /* ArrayItemSelectionUITests */ = {
			isa = PBXNativeTarget;
			buildConfigurationList = 96E6860E23B665D60043D3F7 /* Build configuration list for PBXNativeTarget "ArrayItemSelectionUITests" */;
			buildPhases = (
				96E685FB23B665D60043D3F7 /* Sources */,
				96E685FC23B665D60043D3F7 /* Frameworks */,
				96E685FD23B665D60043D3F7 /* Resources */,
			);
			buildRules = (
			);
			dependencies = (
				96E6860123B665D60043D3F7 /* PBXTargetDependency */,
			);
			name = ArrayItemSelectionUITests;
			productName = ArrayItemSelectionUITests;
			productReference = 96E685FF23B665D60043D3F7 /* ArrayItemSelectionUITests.xctest */;
			productType = "com.apple.product-type.bundle.ui-testing";
		};
/* End PBXNativeTarget section */

/* Begin PBXProject section */
		96E685D623B665D30043D3F7 /* Project object */ = {
			isa = PBXProject;
			attributes = {
				LastSwiftUpdateCheck = 1130;
				LastUpgradeCheck = 1130;
				ORGANIZATIONNAME = "Courtney Hay";
				TargetAttributes = {
					96E685DD23B665D30043D3F7 = {
						CreatedOnToolsVersion = 11.3;
					};
					96E685F323B665D60043D3F7 = {
						CreatedOnToolsVersion = 11.3;
						TestTargetID = 96E685DD23B665D30043D3F7;
					};
					96E685FE23B665D60043D3F7 = {
						CreatedOnToolsVersion = 11.3;
						TestTargetID = 96E685DD23B665D30043D3F7;
					};
				};
			};
			buildConfigurationList = 96E685D923B665D30043D3F7 /* Build configuration list for PBXProject "ArrayItemSelection" */;
			compatibilityVersion = "Xcode 9.3";
			developmentRegion = en;
			hasScannedForEncodings = 0;
			knownRegions = (
				en,
				Base,
			);
			mainGroup = 96E685D523B665D30043D3F7;
			productRefGroup = 96E685DF23B665D30043D3F7 /* Products */;
			projectDirPath = "";
			projectRoot = "";
			targets = (
				96E685DD23B665D30043D3F7 /* ArrayItemSelection */,
				96E685F323B665D60043D3F7 /* ArrayItemSelectionTests */,
				96E685FE23B665D60043D3F7 /* ArrayItemSelectionUITests */,
			);
		};
/* End PBXProject section */

/* Begin PBXResourcesBuildPhase section */
		96E685DC23B665D30043D3F7 /* Resources */ = {
			isa = PBXResourcesBuildPhase;
			buildActionMask = 2147483647;
			files = (
				96E685EE23B665D50043D3F7 /* LaunchScreen.storyboard in Resources */,
				96E685EB23B665D50043D3F7 /* Assets.xcassets in Resources */,
				96E685E923B665D30043D3F7 /* Main.storyboard in Resources */,
			);
			runOnlyForDeploymentPostprocessing = 0;
		};
		96E685F223B665D60043D3F7 /* Resources */ = {
			isa = PBXResourcesBuildPhase;
			buildActionMask = 2147483647;
			files = (
			);
			runOnlyForDeploymentPostprocessing = 0;
		};
		96E685FD23B665D60043D3F7 /* Resources */ = {
			isa = PBXResourcesBuildPhase;
			buildActionMask = 2147483647;
			files = (
			);
			runOnlyForDeploymentPostprocessing = 0;
		};
/* End PBXResourcesBuildPhase section */

/* Begin PBXSourcesBuildPhase section */
		96E685DA23B665D30043D3F7 /* Sources */ = {
			isa = PBXSourcesBuildPhase;
			buildActionMask = 2147483647;
			files = (
				96E685E623B665D30043D3F7 /* ViewController.swift in Sources */,
				96E685E223B665D30043D3F7 /* AppDelegate.swift in Sources */,
				96E685E423B665D30043D3F7 /* SceneDelegate.swift in Sources */,
			);
			runOnlyForDeploymentPostprocessing = 0;
		};
		96E685F023B665D60043D3F7 /* Sources */ = {
			isa = PBXSourcesBuildPhase;
			buildActionMask = 2147483647;
			files = (
				96E685F923B665D60043D3F7 /* ArrayItemSelectionTests.swift in Sources */,
			);
			runOnlyForDeploymentPostprocessing = 0;
		};
		96E685FB23B665D60043D3F7 /* Sources */ = {
			isa = PBXSourcesBuildPhase;
			buildActionMask = 2147483647;
			files = (
				96E6860423B665D60043D3F7 /* ArrayItemSelectionUITests.swift in Sources */,
			);
			runOnlyForDeploymentPostprocessing = 0;
		};
/* End PBXSourcesBuildPhase section */

/* Begin PBXTargetDependency section */
		96E685F623B665D60043D3F7 /* PBXTargetDependency */ = {
			isa = PBXTargetDependency;
			target = 96E685DD23B665D30043D3F7 /* ArrayItemSelection */;
			targetProxy = 96E685F523B665D60043D3F7 /* PBXContainerItemProxy */;
		};
		96E6860123B665D60043D3F7 /* PBXTargetDependency */ = {
			isa = PBXTargetDependency;
			target = 96E685DD23B665D30043D3F7 /* ArrayItemSelection */;
			targetProxy = 96E6860023B665D60043D3F7 /* PBXContainerItemProxy */;
		};
/* End PBXTargetDependency section */

/* Begin PBXVariantGroup section */
		96E685E723B665D30043D3F7 /* Main.storyboard */ = {
			isa = PBXVariantGroup;
			children = (
				96E685E823B665D30043D3F7 /* Base */,
			);
			name = Main.storyboard;
			sourceTree = "<group>";
		};
		96E685EC23B665D50043D3F7 /* LaunchScreen.storyboard */ = {
			isa = PBXVariantGroup;
			children = (
				96E685ED23B665D50043D3F7 /* Base */,
			);
			name = LaunchScreen.storyboard;
			sourceTree = "<group>";
		};
/* End PBXVariantGroup section */

/* Begin XCBuildConfiguration section */
		96E6860623B665D60043D3F7 /* Debug */ = {
			isa = XCBuildConfiguration;
			buildSettings = {
				ALWAYS_SEARCH_USER_PATHS = NO;
				CLANG_ANALYZER_NONNULL = YES;
				CLANG_ANALYZER_NUMBER_OBJECT_CONVERSION = YES_AGGRESSIVE;
				CLANG_CXX_LANGUAGE_STANDARD = "gnu++14";
				CLANG_CXX_LIBRARY = "libc++";
				CLANG_ENABLE_MODULES = YES;
				CLANG_ENABLE_OBJC_ARC = YES;
				CLANG_ENABLE_OBJC_WEAK = YES;
				CLANG_WARN_BLOCK_CAPTURE_AUTORELEASING = YES;
				CLANG_WARN_BOOL_CONVERSION = YES;
				CLANG_WARN_COMMA = YES;
				CLANG_WARN_CONSTANT_CONVERSION = YES;
				CLANG_WARN_DEPRECATED_OBJC_IMPLEMENTATIONS = YES;
				CLANG_WARN_DIRECT_OBJC_ISA_USAGE = YES_ERROR;
				CLANG_WARN_DOCUMENTATION_COMMENTS = YES;
				CLANG_WARN_EMPTY_BODY = YES;
				CLANG_WARN_ENUM_CONVERSION = YES;
				CLANG_WARN_INFINITE_RECURSION = YES;
				CLANG_WARN_INT_CONVERSION = YES;
				CLANG_WARN_NON_LITERAL_NULL_CONVERSION = YES;
				CLANG_WARN_OBJC_IMPLICIT_RETAIN_SELF = YES;
				CLANG_WARN_OBJC_LITERAL_CONVERSION = YES;
				CLANG_WARN_OBJC_ROOT_CLASS = YES_ERROR;
				CLANG_WARN_RANGE_LOOP_ANALYSIS = YES;
				CLANG_WARN_STRICT_PROTOTYPES = YES;
				CLANG_WARN_SUSPICIOUS_MOVE = YES;
				CLANG_WARN_UNGUARDED_AVAILABILITY = YES_AGGRESSIVE;
				CLANG_WARN_UNREACHABLE_CODE = YES;
				CLANG_WARN__DUPLICATE_METHOD_MATCH = YES;
				COPY_PHASE_STRIP = NO;
				DEBUG_INFORMATION_FORMAT = dwarf;
				ENABLE_STRICT_OBJC_MSGSEND = YES;
				ENABLE_TESTABILITY = YES;
				GCC_C_LANGUAGE_STANDARD = gnu11;
				GCC_DYNAMIC_NO_PIC = NO;
				GCC_NO_COMMON_BLOCKS = YES;
				GCC_OPTIMIZATION_LEVEL = 0;
				GCC_PREPROCESSOR_DEFINITIONS = (
					"DEBUG=1",
					"$(inherited)",
				);
				GCC_WARN_64_TO_32_BIT_CONVERSION = YES;
				GCC_WARN_ABOUT_RETURN_TYPE = YES_ERROR;
				GCC_WARN_UNDECLARED_SELECTOR = YES;
				GCC_WARN_UNINITIALIZED_AUTOS = YES_AGGRESSIVE;
				GCC_WARN_UNUSED_FUNCTION = YES;
				GCC_WARN_UNUSED_VARIABLE = YES;
				IPHONEOS_DEPLOYMENT_TARGET = 13.2;
				MTL_ENABLE_DEBUG_INFO = INCLUDE_SOURCE;
				MTL_FAST_MATH = YES;
				ONLY_ACTIVE_ARCH = YES;
				SDKROOT = iphoneos;
				SWIFT_ACTIVE_COMPILATION_CONDITIONS = DEBUG;
				SWIFT_OPTIMIZATION_LEVEL = "-Onone";
			};
			name = Debug;
		};
		96E6860723B665D60043D3F7 /* Release */ = {
			isa = XCBuildConfiguration;
			buildSettings = {
				ALWAYS_SEARCH_USER_PATHS = NO;
				CLANG_ANALYZER_NONNULL = YES;
				CLANG_ANALYZER_NUMBER_OBJECT_CONVERSION = YES_AGGRESSIVE;
				CLANG_CXX_LANGUAGE_STANDARD = "gnu++14";
				CLANG_CXX_LIBRARY = "libc++";
				CLANG_ENABLE_MODULES = YES;
				CLANG_ENABLE_OBJC_ARC = YES;
				CLANG_ENABLE_OBJC_WEAK = YES;
				CLANG_WARN_BLOCK_CAPTURE_AUTORELEASING = YES;
				CLANG_WARN_BOOL_CONVERSION = YES;
				CLANG_WARN_COMMA = YES;
				CLANG_WARN_CONSTANT_CONVERSION = YES;
				CLANG_WARN_DEPRECATED_OBJC_IMPLEMENTATIONS = YES;
				CLANG_WARN_DIRECT_OBJC_ISA_USAGE = YES_ERROR;
				CLANG_WARN_DOCUMENTATION_COMMENTS = YES;
				CLANG_WARN_EMPTY_BODY = YES;
				CLANG_WARN_ENUM_CONVERSION = YES;
				CLANG_WARN_INFINITE_RECURSION = YES;
				CLANG_WARN_INT_CONVERSION = YES;
				CLANG_WARN_NON_LITERAL_NULL_CONVERSION = YES;
				CLANG_WARN_OBJC_IMPLICIT_RETAIN_SELF = YES;
				CLANG_WARN_OBJC_LITERAL_CONVERSION = YES;
				CLANG_WARN_OBJC_ROOT_CLASS = YES_ERROR;
				CLANG_WARN_RANGE_LOOP_ANALYSIS = YES;
				CLANG_WARN_STRICT_PROTOTYPES = YES;
				CLANG_WARN_SUSPICIOUS_MOVE = YES;
				CLANG_WARN_UNGUARDED_AVAILABILITY = YES_AGGRESSIVE;
				CLANG_WARN_UNREACHABLE_CODE = YES;
				CLANG_WARN__DUPLICATE_METHOD_MATCH = YES;
				COPY_PHASE_STRIP = NO;
				DEBUG_INFORMATION_FORMAT = "dwarf-with-dsym";
				ENABLE_NS_ASSERTIONS = NO;
				ENABLE_STRICT_OBJC_MSGSEND = YES;
				GCC_C_LANGUAGE_STANDARD = gnu11;
				GCC_NO_COMMON_BLOCKS = YES;
				GCC_WARN_64_TO_32_BIT_CONVERSION = YES;
				GCC_WARN_ABOUT_RETURN_TYPE = YES_ERROR;
				GCC_WARN_UNDECLARED_SELECTOR = YES;
				GCC_WARN_UNINITIALIZED_AUTOS = YES_AGGRESSIVE;
				GCC_WARN_UNUSED_FUNCTION = YES;
				GCC_WARN_UNUSED_VARIABLE = YES;
				IPHONEOS_DEPLOYMENT_TARGET = 13.2;
				MTL_ENABLE_DEBUG_INFO = NO;
				MTL_FAST_MATH = YES;
				SDKROOT = iphoneos;
				SWIFT_COMPILATION_MODE = wholemodule;
				SWIFT_OPTIMIZATION_LEVEL = "-O";
				VALIDATE_PRODUCT = YES;
			};
			name = Release;
		};
		96E6860923B665D60043D3F7 /* Debug */ = {
			isa = XCBuildConfiguration;
			buildSettings = {
				ASSETCATALOG_COMPILER_APPICON_NAME = AppIcon;
				CODE_SIGN_STYLE = Automatic;
				DEVELOPMENT_TEAM = 9ST3DGGTAN;
				INFOPLIST_FILE = ArrayItemSelection/Info.plist;
				LD_RUNPATH_SEARCH_PATHS = (
					"$(inherited)",
					"@executable_path/Frameworks",
				);
				PRODUCT_BUNDLE_IDENTIFIER = com.nerxryzen.ArrayItemSelection;
				PRODUCT_NAME = "$(TARGET_NAME)";
				SWIFT_VERSION = 5.0;
				TARGETED_DEVICE_FAMILY = "1,2";
			};
			name = Debug;
		};
		96E6860A23B665D60043D3F7 /* Release */ = {
			isa = XCBuildConfiguration;
			buildSettings = {
				ASSETCATALOG_COMPILER_APPICON_NAME = AppIcon;
				CODE_SIGN_STYLE = Automatic;
				DEVELOPMENT_TEAM = 9ST3DGGTAN;
				INFOPLIST_FILE = ArrayItemSelection/Info.plist;
				LD_RUNPATH_SEARCH_PATHS = (
					"$(inherited)",
					"@executable_path/Frameworks",
				);
				PRODUCT_BUNDLE_IDENTIFIER = com.nerxryzen.ArrayItemSelection;
				PRODUCT_NAME = "$(TARGET_NAME)";
				SWIFT_VERSION = 5.0;
				TARGETED_DEVICE_FAMILY = "1,2";
			};
			name = Release;
		};
		96E6860C23B665D60043D3F7 /* Debug */ = {
			isa = XCBuildConfiguration;
			buildSettings = {
				ALWAYS_EMBED_SWIFT_STANDARD_LIBRARIES = YES;
				BUNDLE_LOADER = "$(TEST_HOST)";
				CODE_SIGN_STYLE = Automatic;
				DEVELOPMENT_TEAM = 9ST3DGGTAN;
				INFOPLIST_FILE = ArrayItemSelectionTests/Info.plist;
				IPHONEOS_DEPLOYMENT_TARGET = 13.2;
				LD_RUNPATH_SEARCH_PATHS = (
					"$(inherited)",
					"@executable_path/Frameworks",
					"@loader_path/Frameworks",
				);
				PRODUCT_BUNDLE_IDENTIFIER = com.nerxryzen.ArrayItemSelectionTests;
				PRODUCT_NAME = "$(TARGET_NAME)";
				SWIFT_VERSION = 5.0;
				TARGETED_DEVICE_FAMILY = "1,2";
				TEST_HOST = "$(BUILT_PRODUCTS_DIR)/ArrayItemSelection.app/ArrayItemSelection";
			};
			name = Debug;
		};
		96E6860D23B665D60043D3F7 /* Release */ = {
			isa = XCBuildConfiguration;
			buildSettings = {
				ALWAYS_EMBED_SWIFT_STANDARD_LIBRARIES = YES;
				BUNDLE_LOADER = "$(TEST_HOST)";
				CODE_SIGN_STYLE = Automatic;
				DEVELOPMENT_TEAM = 9ST3DGGTAN;
				INFOPLIST_FILE = ArrayItemSelectionTests/Info.plist;
				IPHONEOS_DEPLOYMENT_TARGET = 13.2;
				LD_RUNPATH_SEARCH_PATHS = (
					"$(inherited)",
					"@executable_path/Frameworks",
					"@loader_path/Frameworks",
				);
				PRODUCT_BUNDLE_IDENTIFIER = com.nerxryzen.ArrayItemSelectionTests;
				PRODUCT_NAME = "$(TARGET_NAME)";
				SWIFT_VERSION = 5.0;
				TARGETED_DEVICE_FAMILY = "1,2";
				TEST_HOST = "$(BUILT_PRODUCTS_DIR)/ArrayItemSelection.app/ArrayItemSelection";
			};
			name = Release;
		};
		96E6860F23B665D60043D3F7 /* Debug */ = {
			isa = XCBuildConfiguration;
			buildSettings = {
				ALWAYS_EMBED_SWIFT_STANDARD_LIBRARIES = YES;
				CODE_SIGN_STYLE = Automatic;
				DEVELOPMENT_TEAM = 9ST3DGGTAN;
				INFOPLIST_FILE = ArrayItemSelectionUITests/Info.plist;
				LD_RUNPATH_SEARCH_PATHS = (
					"$(inherited)",
					"@executable_path/Frameworks",
					"@loader_path/Frameworks",
				);
				PRODUCT_BUNDLE_IDENTIFIER = com.nerxryzen.ArrayItemSelectionUITests;
				PRODUCT_NAME = "$(TARGET_NAME)";
				SWIFT_VERSION = 5.0;
				TARGETED_DEVICE_FAMILY = "1,2";
				TEST_TARGET_NAME = ArrayItemSelection;
			};
			name = Debug;
		};
		96E6861023B665D60043D3F7 /* Release */ = {
			isa = XCBuildConfiguration;
			buildSettings = {
				ALWAYS_EMBED_SWIFT_STANDARD_LIBRARIES = YES;
				CODE_SIGN_STYLE = Automatic;
				DEVELOPMENT_TEAM = 9ST3DGGTAN;
				INFOPLIST_FILE = ArrayItemSelectionUITests/Info.plist;
				LD_RUNPATH_SEARCH_PATHS = (
					"$(inherited)",
					"@executable_path/Frameworks",
					"@loader_path/Frameworks",
				);
				PRODUCT_BUNDLE_IDENTIFIER = com.nerxryzen.ArrayItemSelectionUITests;
				PRODUCT_NAME = "$(TARGET_NAME)";
				SWIFT_VERSION = 5.0;
				TARGETED_DEVICE_FAMILY = "1,2";
				TEST_TARGET_NAME = ArrayItemSelection;
			};
			name = Release;
		};
/* End XCBuildConfiguration section */

/* Begin XCConfigurationList section */
		96E685D923B665D30043D3F7 /* Build configuration list for PBXProject "ArrayItemSelection" */ = {
			isa = XCConfigurationList;
			buildConfigurations = (
				96E6860623B665D60043D3F7 /* Debug */,
				96E6860723B665D60043D3F7 /* Release */,
			);
			defaultConfigurationIsVisible = 0;
			defaultConfigurationName = Release;
		};
		96E6860823B665D60043D3F7 /* Build configuration list for PBXNativeTarget "ArrayItemSelection" */ = {
			isa = XCConfigurationList;
			buildConfigurations = (
				96E6860923B665D60043D3F7 /* Debug */,
				96E6860A23B665D60043D3F7 /* Release */,
			);
			defaultConfigurationIsVisible = 0;
			defaultConfigurationName = Release;
		};
		96E6860B23B665D60043D3F7 /* Build configuration list for PBXNativeTarget "ArrayItemSelectionTests" */ = {
			isa = XCConfigurationList;
			buildConfigurations = (
				96E6860C23B665D60043D3F7 /* Debug */,
				96E6860D23B665D60043D3F7 /* Release */,
			);
			defaultConfigurationIsVisible = 0;
			defaultConfigurationName = Release;
		};
		96E6860E23B665D60043D3F7 /* Build configuration list for PBXNativeTarget "ArrayItemSelectionUITests" */ = {
			isa = XCConfigurationList;
			buildConfigurations = (
				96E6860F23B665D60043D3F7 /* Debug */,
				96E6861023B665D60043D3F7 /* Release */,
			);
			defaultConfigurationIsVisible = 0;
			defaultConfigurationName = Release;
		};
/* End XCConfigurationList section */
	};
	rootObject = 96E685D623B665D30043D3F7 /* Project object */;
}
